{
  "name": "Test",
  "lockfileVersion": 2,
  "requires": true,
  "packages": {
    "": {
      "dependencies": {
        "heic2any": "^0.0.3"
      }
    },
    "node_modules/heic2any": {
      "version": "0.0.3",
      "resolved": "https://registry.npmjs.org/heic2any/-/heic2any-0.0.3.tgz",
      "integrity": "sha512-1KG0LzZuIPiqyJjwLgGlgrgWd3UBwUE9g5+tOuHy8PbeH2hF0U4gc4ZWT4ChlCmcdISr1xVRimSehsTOPdRXnQ=="
    }
  },
  "dependencies": {
    "heic2any": {
      "version": "0.0.3",
      "resolved": "https://registry.npmjs.org/heic2any/-/heic2any-0.0.3.tgz",
      "integrity": "sha512-1KG0LzZuIPiqyJjwLgGlgrgWd3UBwUE9g5+tOuHy8PbeH2hF0U4gc4ZWT4ChlCmcdISr1xVRimSehsTOPdRXnQ=="
    }
  }
}
